{
  "version": 4,
  "terraform_version": "1.13.3",
  "serial": 9,
  "lineage": "0cffac4e-7313-0e0a-d653-40a5fb62622b",
  "outputs": {},
  "resources": [
    {
      "mode": "managed",
      "type": "azurerm_lb",
      "name": "main",
      "provider": "provider[\"registry.terraform.io/hashicorp/azurerm\"]",
      "instances": [
        {
          "schema_version": 0,
          "attributes": {
            "edge_zone": "",
            "frontend_ip_configuration": [
              {
                "gateway_load_balancer_frontend_ip_configuration_id": "",
                "id": "/subscriptions/5c18e53e-95d9-43fd-bfb5-097b3cc7abe5/resourceGroups/victor-rg/providers/Microsoft.Network/loadBalancers/LB-neutral-louse/frontendIPConfigurations/myPublicIP",
                "inbound_nat_rules": [
                  "/subscriptions/5c18e53e-95d9-43fd-bfb5-097b3cc7abe5/resourceGroups/victor-rg/providers/Microsoft.Network/loadBalancers/LB-neutral-louse/inboundNatRules/ssh"
                ],
                "load_balancer_rules": [
                  "/subscriptions/5c18e53e-95d9-43fd-bfb5-097b3cc7abe5/resourceGroups/victor-rg/providers/Microsoft.Network/loadBalancers/LB-neutral-louse/loadBalancingRules/http"
                ],
                "name": "myPublicIP",
                "outbound_rules": [],
                "private_ip_address": "",
                "private_ip_address_allocation": "Dynamic",
                "private_ip_address_version": "",
                "public_ip_address_id": "/subscriptions/5c18e53e-95d9-43fd-bfb5-097b3cc7abe5/resourceGroups/victor-rg/providers/Microsoft.Network/publicIPAddresses/LB-PublicIP",
                "public_ip_prefix_id": "",
                "subnet_id": "",
                "zones": []
              }
            ],
            "id": "/subscriptions/5c18e53e-95d9-43fd-bfb5-097b3cc7abe5/resourceGroups/victor-rg/providers/Microsoft.Network/loadBalancers/LB-neutral-louse",
            "location": "westus2",
            "name": "LB-neutral-louse",
            "private_ip_address": "",
            "private_ip_addresses": [],
            "resource_group_name": "victor-rg",
            "sku": "Standard",
            "sku_tier": "Regional",
            "tags": {},
            "timeouts": null
          },
          "sensitive_attributes": [],
          "identity_schema_version": 0,
          "private": "eyJlMmJmYjczMC1lY2FhLTExZTYtOGY4OC0zNDM2M2JjN2M0YzAiOnsiY3JlYXRlIjoxODAwMDAwMDAwMDAwLCJkZWxldGUiOjE4MDAwMDAwMDAwMDAsInJlYWQiOjMwMDAwMDAwMDAwMCwidXBkYXRlIjoxODAwMDAwMDAwMDAwfX0=",
          "dependencies": [
            "azurerm_public_ip.main",
            "azurerm_resource_group.rg",
            "random_pet.lb_hostname"
          ]
        }
      ]
    },
    {
      "mode": "managed",
      "type": "azurerm_lb_backend_address_pool",
      "name": "bepool",
      "provider": "provider[\"registry.terraform.io/hashicorp/azurerm\"]",
      "instances": [
        {
          "schema_version": 0,
          "attributes": {
            "backend_ip_configurations": [
              "/subscriptions/5c18e53e-95d9-43fd-bfb5-097b3cc7abe5/resourceGroups/victor-rg/providers/Microsoft.Network/networkInterfaces/nic-ab924168/ipConfigurations/ipconfig",
              "/subscriptions/5c18e53e-95d9-43fd-bfb5-097b3cc7abe5/resourceGroups/victor-rg/providers/Microsoft.Network/networkInterfaces/nic-cd292dd3/ipConfigurations/ipconfig",
              "/subscriptions/5c18e53e-95d9-43fd-bfb5-097b3cc7abe5/resourceGroups/victor-rg/providers/Microsoft.Network/networkInterfaces/nic-bfddbcc1/ipConfigurations/ipconfig"
            ],
            "id": "/subscriptions/5c18e53e-95d9-43fd-bfb5-097b3cc7abe5/resourceGroups/victor-rg/providers/Microsoft.Network/loadBalancers/LB-neutral-louse/backendAddressPools/myBackendAddressPool",
            "load_balancing_rules": [
              "/subscriptions/5c18e53e-95d9-43fd-bfb5-097b3cc7abe5/resourceGroups/victor-rg/providers/Microsoft.Network/loadBalancers/LB-neutral-louse/loadBalancingRules/http"
            ],
            "loadbalancer_id": "/subscriptions/5c18e53e-95d9-43fd-bfb5-097b3cc7abe5/resourceGroups/victor-rg/providers/Microsoft.Network/loadBalancers/LB-neutral-louse",
            "name": "myBackendAddressPool",
            "outbound_rules": [],
            "timeouts": null,
            "tunnel_interface": []
          },
          "sensitive_attributes": [],
          "identity_schema_version": 0,
          "private": "eyJlMmJmYjczMC1lY2FhLTExZTYtOGY4OC0zNDM2M2JjN2M0YzAiOnsiY3JlYXRlIjoxODAwMDAwMDAwMDAwLCJkZWxldGUiOjE4MDAwMDAwMDAwMDAsInJlYWQiOjMwMDAwMDAwMDAwMCwidXBkYXRlIjoxODAwMDAwMDAwMDAwfX0=",
          "dependencies": [
            "azurerm_lb.main",
            "azurerm_public_ip.main",
            "azurerm_resource_group.rg",
            "random_pet.lb_hostname"
          ]
        }
      ]
    },
    {
      "mode": "managed",
      "type": "azurerm_public_ip",
      "name": "main",
      "provider": "provider[\"registry.terraform.io/hashicorp/azurerm\"]",
      "instances": [
        {
          "schema_version": 0,
          "attributes": {
            "allocation_method": "Static",
            "domain_name_label": "victor-rg-neutral-louse",
            "edge_zone": "",
            "fqdn": "victor-rg-neutral-louse.westus2.cloudapp.azure.com",
            "id": "/subscriptions/5c18e53e-95d9-43fd-bfb5-097b3cc7abe5/resourceGroups/victor-rg/providers/Microsoft.Network/publicIPAddresses/LB-PublicIP",
            "idle_timeout_in_minutes": 4,
            "ip_address": "20.72.255.252",
            "ip_tags": {},
            "ip_version": "IPv4",
            "location": "westus2",
            "name": "LB-PublicIP",
            "public_ip_prefix_id": null,
            "resource_group_name": "victor-rg",
            "reverse_fqdn": "",
            "sku": "Standard",
            "sku_tier": "Regional",
            "tags": {},
            "timeouts": null,
            "zones": [
              "1",
              "2",
              "3"
            ]
          },
          "sensitive_attributes": [],
          "identity_schema_version": 0,
          "private": "eyJlMmJmYjczMC1lY2FhLTExZTYtOGY4OC0zNDM2M2JjN2M0YzAiOnsiY3JlYXRlIjoxODAwMDAwMDAwMDAwLCJkZWxldGUiOjE4MDAwMDAwMDAwMDAsInJlYWQiOjMwMDAwMDAwMDAwMCwidXBkYXRlIjoxODAwMDAwMDAwMDAwfX0=",
          "dependencies": [
            "azurerm_resource_group.rg",
            "random_pet.lb_hostname"
          ]
        }
      ]
    },
    {
      "mode": "managed",
      "type": "azurerm_resource_group",
      "name": "rg",
      "provider": "provider[\"registry.terraform.io/hashicorp/azurerm\"]",
      "instances": [
        {
          "schema_version": 0,
          "attributes": {
            "id": "/subscriptions/5c18e53e-95d9-43fd-bfb5-097b3cc7abe5/resourceGroups/victor-rg",
            "location": "westus2",
            "name": "victor-rg",
            "tags": {},
            "timeouts": null
          },
          "sensitive_attributes": [],
          "identity_schema_version": 0,
          "private": "eyJlMmJmYjczMC1lY2FhLTExZTYtOGY4OC0zNDM2M2JjN2M0YzAiOnsiY3JlYXRlIjo1NDAwMDAwMDAwMDAwLCJkZWxldGUiOjU0MDAwMDAwMDAwMDAsInJlYWQiOjMwMDAwMDAwMDAwMCwidXBkYXRlIjo1NDAwMDAwMDAwMDAwfX0=",
          "create_before_destroy": true
        }
      ]
    },
    {
      "mode": "managed",
      "type": "azurerm_subnet",
      "name": "subnet",
      "provider": "provider[\"registry.terraform.io/hashicorp/azurerm\"]",
      "instances": [
        {
          "schema_version": 0,
          "attributes": {
            "address_prefixes": [
              "10.0.0.0/24"
            ],
            "delegation": [],
            "enforce_private_link_endpoint_network_policies": false,
            "enforce_private_link_service_network_policies": false,
            "id": "/subscriptions/5c18e53e-95d9-43fd-bfb5-097b3cc7abe5/resourceGroups/victor-rg/providers/Microsoft.Network/virtualNetworks/victor-vnet/subnets/subnet",
            "name": "subnet",
            "resource_group_name": "victor-rg",
            "service_endpoint_policy_ids": [],
            "service_endpoints": [],
            "timeouts": null,
            "virtual_network_name": "victor-vnet"
          },
          "sensitive_attributes": [],
          "identity_schema_version": 0,
          "private": "eyJlMmJmYjczMC1lY2FhLTExZTYtOGY4OC0zNDM2M2JjN2M0YzAiOnsiY3JlYXRlIjoxODAwMDAwMDAwMDAwLCJkZWxldGUiOjE4MDAwMDAwMDAwMDAsInJlYWQiOjMwMDAwMDAwMDAwMCwidXBkYXRlIjoxODAwMDAwMDAwMDAwfX0=",
          "dependencies": [
            "azurerm_resource_group.rg",
            "azurerm_virtual_network.main"
          ]
        }
      ]
    },
    {
      "mode": "managed",
      "type": "azurerm_virtual_network",
      "name": "main",
      "provider": "provider[\"registry.terraform.io/hashicorp/azurerm\"]",
      "instances": [
        {
          "schema_version": 0,
          "attributes": {
            "address_space": [
              "10.0.0.0/16"
            ],
            "bgp_community": "",
            "ddos_protection_plan": [],
            "dns_servers": [],
            "edge_zone": "",
            "flow_timeout_in_minutes": 0,
            "guid": "495b39a0-5910-481f-99f7-0811f64a82ff",
            "id": "/subscriptions/5c18e53e-95d9-43fd-bfb5-097b3cc7abe5/resourceGroups/victor-rg/providers/Microsoft.Network/virtualNetworks/victor-vnet",
            "location": "westus2",
            "name": "victor-vnet",
            "resource_group_name": "victor-rg",
            "subnet": [
              {
                "address_prefix": "10.0.0.0/24",
                "id": "/subscriptions/5c18e53e-95d9-43fd-bfb5-097b3cc7abe5/resourceGroups/victor-rg/providers/Microsoft.Network/virtualNetworks/victor-vnet/subnets/subnet",
                "name": "subnet",
                "security_group": "/subscriptions/5c18e53e-95d9-43fd-bfb5-097b3cc7abe5/resourceGroups/victor-rg/providers/Microsoft.Network/networkSecurityGroups/myNSG"
              }
            ],
            "tags": {
              "environment": "dev",
              "module": "vmss",
              "owner": "victor"
            },
            "timeouts": null
          },
          "sensitive_attributes": [],
          "identity_schema_version": 0,
          "private": "eyJlMmJmYjczMC1lY2FhLTExZTYtOGY4OC0zNDM2M2JjN2M0YzAiOnsiY3JlYXRlIjoxODAwMDAwMDAwMDAwLCJkZWxldGUiOjE4MDAwMDAwMDAwMDAsInJlYWQiOjMwMDAwMDAwMDAwMCwidXBkYXRlIjoxODAwMDAwMDAwMDAwfX0=",
          "dependencies": [
            "azurerm_resource_group.rg"
          ]
        }
      ]
    },
    {
      "mode": "managed",
      "type": "random_pet",
      "name": "lb_hostname",
      "provider": "provider[\"registry.terraform.io/hashicorp/random\"]",
      "instances": [
        {
          "schema_version": 0,
          "attributes": {
            "id": "neutral-louse",
            "keepers": null,
            "length": 2,
            "prefix": null,
            "separator": "-"
          },
          "sensitive_attributes": [],
          "identity_schema_version": 0
        }
      ]
    },
    {
      "mode": "managed",
      "type": "random_pet",
      "name": "vmss_hostname",
      "provider": "provider[\"registry.terraform.io/hashicorp/random\"]",
      "instances": [
        {
          "schema_version": 0,
          "attributes": {
            "id": "stunning-wombat",
            "keepers": null,
            "length": 2,
            "prefix": null,
            "separator": "-"
          },
          "sensitive_attributes": [],
          "identity_schema_version": 0
        }
      ]
    }
  ],
  "check_results": [
    {
      "object_kind": "var",
      "config_addr": "var.vm_size",
      "status": "unknown",
      "objects": null
    }
  ]
}
